// !$*UTF8*$!
{
	archiveVersion = 1;
	classes = {
	};
	objectVersion = 50;
	objects = {

/* Begin PBXBuildFile section */
		C6A7469323E085F7008392EF /* AppDelegate.swift in Sources */ = {isa = PBXBuildFile; fileRef = C6A7469223E085F7008392EF /* AppDelegate.swift */; };
		C6A7469523E085F7008392EF /* SceneDelegate.swift in Sources */ = {isa = PBXBuildFile; fileRef = C6A7469423E085F7008392EF /* SceneDelegate.swift */; };
		C6A7469723E085F7008392EF /* MainViewController.swift in Sources */ = {isa = PBXBuildFile; fileRef = C6A7469623E085F7008392EF /* MainViewController.swift */; };
		C6A7469C23E085F9008392EF /* Assets.xcassets in Resources */ = {isa = PBXBuildFile; fileRef = C6A7469B23E085F9008392EF /* Assets.xcassets */; };
		C6A7469F23E085F9008392EF /* LaunchScreen.storyboard in Resources */ = {isa = PBXBuildFile; fileRef = C6A7469D23E085F9008392EF /* LaunchScreen.storyboard */; };
		C6A746A723E08FD1008392EF /* SettingsViewController.swift in Sources */ = {isa = PBXBuildFile; fileRef = C6A746A623E08FD1008392EF /* SettingsViewController.swift */; };
		C6A746A923E09AE1008392EF /* MainView.swift in Sources */ = {isa = PBXBuildFile; fileRef = C6A746A823E09AE1008392EF /* MainView.swift */; };
		C6A746AB23E0BD72008392EF /* SettingsView.swift in Sources */ = {isa = PBXBuildFile; fileRef = C6A746AA23E0BD72008392EF /* SettingsView.swift */; };
/* End PBXBuildFile section */

/* Begin PBXFileReference section */
		C6A7468F23E085F7008392EF /* ProgrammaticUI.app */ = {isa = PBXFileReference; explicitFileType = wrapper.application; includeInIndex = 0; path = ProgrammaticUI.app; sourceTree = BUILT_PRODUCTS_DIR; };
		C6A7469223E085F7008392EF /* AppDelegate.swift */ = {isa = PBXFileReference; lastKnownFileType = sourcecode.swift; path = AppDelegate.swift; sourceTree = "<group>"; };
		C6A7469423E085F7008392EF /* SceneDelegate.swift */ = {isa = PBXFileReference; lastKnownFileType = sourcecode.swift; path = SceneDelegate.swift; sourceTree = "<group>"; };
		C6A7469623E085F7008392EF /* MainViewController.swift */ = {isa = PBXFileReference; lastKnownFileType = sourcecode.swift; path = MainViewController.swift; sourceTree = "<group>"; };
		C6A7469B23E085F9008392EF /* Assets.xcassets */ = {isa = PBXFileReference; lastKnownFileType = folder.assetcatalog; path = Assets.xcassets; sourceTree = "<group>"; };
		C6A7469E23E085F9008392EF /* Base */ = {isa = PBXFileReference; lastKnownFileType = file.storyboard; name = Base; path = Base.lproj/LaunchScreen.storyboard; sourceTree = "<group>"; };
		C6A746A023E085F9008392EF /* Info.plist */ = {isa = PBXFileReference; lastKnownFileType = text.plist.xml; path = Info.plist; sourceTree = "<group>"; };
		C6A746A623E08FD1008392EF /* SettingsViewController.swift */ = {isa = PBXFileReference; lastKnownFileType = sourcecode.swift; path = SettingsViewController.swift; sourceTree = "<group>"; };
		C6A746A823E09AE1008392EF /* MainView.swift */ = {isa = PBXFileReference; lastKnownFileType = sourcecode.swift; path = MainView.swift; sourceTree = "<group>"; };
		C6A746AA23E0BD72008392EF /* SettingsView.swift */ = {isa = PBXFileReference; lastKnownFileType = sourcecode.swift; path = SettingsView.swift; sourceTree = "<group>"; };
/* End PBXFileReference section */

/* Begin PBXFrameworksBuildPhase section */
		C6A7468C23E085F7008392EF /* Frameworks */ = {
			isa = PBXFrameworksBuildPhase;
			buildActionMask = 2147483647;
			files = (
			);
			runOnlyForDeploymentPostprocessing = 0;
		};
/* End PBXFrameworksBuildPhase section */

/* Begin PBXGroup section */
		C6A7468623E085F7008392EF = {
			isa = PBXGroup;
			children = (
				C6A7469123E085F7008392EF /* ProgrammaticUI */,
				C6A7469023E085F7008392EF /* Products */,
			);
			sourceTree = "<group>";
		};
		C6A7469023E085F7008392EF /* Products */ = {
			isa = PBXGroup;
			children = (
				C6A7468F23E085F7008392EF /* ProgrammaticUI.app */,
			);
			name = Products;
			sourceTree = "<group>";
		};
		C6A7469123E085F7008392EF /* ProgrammaticUI */ = {
			isa = PBXGroup;
			children = (
				C6A7469223E085F7008392EF /* AppDelegate.swift */,
				C6A7469423E085F7008392EF /* SceneDelegate.swift */,
				C6A746A823E09AE1008392EF /* MainView.swift */,
				C6A746AA23E0BD72008392EF /* SettingsView.swift */,
				C6A746A623E08FD1008392EF /* SettingsViewController.swift */,
				C6A7469623E085F7008392EF /* MainViewController.swift */,
				C6A7469B23E085F9008392EF /* Assets.xcassets */,
				C6A7469D23E085F9008392EF /* LaunchScreen.storyboard */,
				C6A746A023E085F9008392EF /* Info.plist */,
			);
			path = ProgrammaticUI;
			sourceTree = "<group>";
		};
/* End PBXGroup section */

/* Begin PBXNativeTarget section */
		C6A7468E23E085F7008392EF /* ProgrammaticUI */ = {
			isa = PBXNativeTarget;
			buildConfigurationList = C6A746A323E085F9008392EF /* Build configuration list for PBXNativeTarget "ProgrammaticUI" */;
			buildPhases = (
				C6A7468B23E085F7008392EF /* Sources */,
				C6A7468C23E085F7008392EF /* Frameworks */,
				C6A7468D23E085F7008392EF /* Resources */,
			);
			buildRules = (
			);
			dependencies = (
			);
			name = ProgrammaticUI;
			productName = ProgrammaticUI;
			productReference = C6A7468F23E085F7008392EF /* ProgrammaticUI.app */;
			productType = "com.apple.product-type.application";
		};
/* End PBXNativeTarget section */

/* Begin PBXProject section */
		C6A7468723E085F7008392EF /* Project object */ = {
			isa = PBXProject;
			attributes = {
				LastSwiftUpdateCheck = 1130;
				LastUpgradeCheck = 1130;
				ORGANIZATIONNAME = "casandra grullon";
				TargetAttributes = {
					C6A7468E23E085F7008392EF = {
						CreatedOnToolsVersion = 11.3;
					};
				};
			};
			buildConfigurationList = C6A7468A23E085F7008392EF /* Build configuration list for PBXProject "ProgrammaticUI" */;
			compatibilityVersion = "Xcode 9.3";
			developmentRegion = en;
			hasScannedForEncodings = 0;
			knownRegions = (
				en,
				Base,
			);
			mainGroup = C6A7468623E085F7008392EF;
			productRefGroup = C6A7469023E085F7008392EF /* Products */;
			projectDirPath = "";
			projectRoot = "";
			targets = (
				C6A7468E23E085F7008392EF /* ProgrammaticUI */,
			);
		};
/* End PBXProject section */

/* Begin PBXResourcesBuildPhase section */
		C6A7468D23E085F7008392EF /* Resources */ = {
			isa = PBXResourcesBuildPhase;
			buildActionMask = 2147483647;
			files = (
				C6A7469F23E085F9008392EF /* LaunchScreen.storyboard in Resources */,
				C6A7469C23E085F9008392EF /* Assets.xcassets in Resources */,
			);
			runOnlyForDeploymentPostprocessing = 0;
		};
/* End PBXResourcesBuildPhase section */

/* Begin PBXSourcesBuildPhase section */
		C6A7468B23E085F7008392EF /* Sources */ = {
			isa = PBXSourcesBuildPhase;
			buildActionMask = 2147483647;
			files = (
				C6A7469723E085F7008392EF /* MainViewController.swift in Sources */,
				C6A7469323E085F7008392EF /* AppDelegate.swift in Sources */,
				C6A7469523E085F7008392EF /* SceneDelegate.swift in Sources */,
				C6A746AB23E0BD72008392EF /* SettingsView.swift in Sources */,
				C6A746A923E09AE1008392EF /* MainView.swift in Sources */,
				C6A746A723E08FD1008392EF /* SettingsViewController.swift in Sources */,
			);
			runOnlyForDeploymentPostprocessing = 0;
		};
/* End PBXSourcesBuildPhase section */

/* Begin PBXVariantGroup section */
		C6A7469D23E085F9008392EF /* LaunchScreen.storyboard */ = {
			isa = PBXVariantGroup;
			children = (
				C6A7469E23E085F9008392EF /* Base */,
			);
			name = LaunchScreen.storyboard;
			sourceTree = "<group>";
		};
/* End PBXVariantGroup section */

/* Begin XCBuildConfiguration section */
		C6A746A123E085F9008392EF /* Debug */ = {
			isa = XCBuildConfiguration;
			buildSettings = {
				ALWAYS_SEARCH_USER_PATHS = NO;
				CLANG_ANALYZER_NONNULL = YES;
				CLANG_ANALYZER_NUMBER_OBJECT_CONVERSION = YES_AGGRESSIVE;
				CLANG_CXX_LANGUAGE_STANDARD = "gnu++14";
				CLANG_CXX_LIBRARY = "libc++";
				CLANG_ENABLE_MODULES = YES;
				CLANG_ENABLE_OBJC_ARC = YES;
				CLANG_ENABLE_OBJC_WEAK = YES;
				CLANG_WARN_BLOCK_CAPTURE_AUTORELEASING = YES;
				CLANG_WARN_BOOL_CONVERSION = YES;
				CLANG_WARN_COMMA = YES;
				CLANG_WARN_CONSTANT_CONVERSION = YES;
				CLANG_WARN_DEPRECATED_OBJC_IMPLEMENTATIONS = YES;
				CLANG_WARN_DIRECT_OBJC_ISA_USAGE = YES_ERROR;
				CLANG_WARN_DOCUMENTATION_COMMENTS = YES;
				CLANG_WARN_EMPTY_BODY = YES;
				CLANG_WARN_ENUM_CONVERSION = YES;
				CLANG_WARN_INFINITE_RECURSION = YES;
				CLANG_WARN_INT_CONVERSION = YES;
				CLANG_WARN_NON_LITERAL_NULL_CONVERSION = YES;
				CLANG_WARN_OBJC_IMPLICIT_RETAIN_SELF = YES;
				CLANG_WARN_OBJC_LITERAL_CONVERSION = YES;
				CLANG_WARN_OBJC_ROOT_CLASS = YES_ERROR;
				CLANG_WARN_RANGE_LOOP_ANALYSIS = YES;
				CLANG_WARN_STRICT_PROTOTYPES = YES;
				CLANG_WARN_SUSPICIOUS_MOVE = YES;
				CLANG_WARN_UNGUARDED_AVAILABILITY = YES_AGGRESSIVE;
				CLANG_WARN_UNREACHABLE_CODE = YES;
				CLANG_WARN__DUPLICATE_METHOD_MATCH = YES;
				COPY_PHASE_STRIP = NO;
				DEBUG_INFORMATION_FORMAT = dwarf;
				ENABLE_STRICT_OBJC_MSGSEND = YES;
				ENABLE_TESTABILITY = YES;
				GCC_C_LANGUAGE_STANDARD = gnu11;
				GCC_DYNAMIC_NO_PIC = NO;
				GCC_NO_COMMON_BLOCKS = YES;
				GCC_OPTIMIZATION_LEVEL = 0;
				GCC_PREPROCESSOR_DEFINITIONS = (
					"DEBUG=1",
					"$(inherited)",
				);
				GCC_WARN_64_TO_32_BIT_CONVERSION = YES;
				GCC_WARN_ABOUT_RETURN_TYPE = YES_ERROR;
				GCC_WARN_UNDECLARED_SELECTOR = YES;
				GCC_WARN_UNINITIALIZED_AUTOS = YES_AGGRESSIVE;
				GCC_WARN_UNUSED_FUNCTION = YES;
				GCC_WARN_UNUSED_VARIABLE = YES;
				IPHONEOS_DEPLOYMENT_TARGET = 13.2;
				MTL_ENABLE_DEBUG_INFO = INCLUDE_SOURCE;
				MTL_FAST_MATH = YES;
				ONLY_ACTIVE_ARCH = YES;
				SDKROOT = iphoneos;
				SWIFT_ACTIVE_COMPILATION_CONDITIONS = DEBUG;
				SWIFT_OPTIMIZATION_LEVEL = "-Onone";
			};
			name = Debug;
		};
		C6A746A223E085F9008392EF /* Release */ = {
			isa = XCBuildConfiguration;
			buildSettings = {
				ALWAYS_SEARCH_USER_PATHS = NO;
				CLANG_ANALYZER_NONNULL = YES;
				CLANG_ANALYZER_NUMBER_OBJECT_CONVERSION = YES_AGGRESSIVE;
				CLANG_CXX_LANGUAGE_STANDARD = "gnu++14";
				CLANG_CXX_LIBRARY = "libc++";
				CLANG_ENABLE_MODULES = YES;
				CLANG_ENABLE_OBJC_ARC = YES;
				CLANG_ENABLE_OBJC_WEAK = YES;
				CLANG_WARN_BLOCK_CAPTURE_AUTORELEASING = YES;
				CLANG_WARN_BOOL_CONVERSION = YES;
				CLANG_WARN_COMMA = YES;
				CLANG_WARN_CONSTANT_CONVERSION = YES;
				CLANG_WARN_DEPRECATED_OBJC_IMPLEMENTATIONS = YES;
				CLANG_WARN_DIRECT_OBJC_ISA_USAGE = YES_ERROR;
				CLANG_WARN_DOCUMENTATION_COMMENTS = YES;
				CLANG_WARN_EMPTY_BODY = YES;
				CLANG_WARN_ENUM_CONVERSION = YES;
				CLANG_WARN_INFINITE_RECURSION = YES;
				CLANG_WARN_INT_CONVERSION = YES;
				CLANG_WARN_NON_LITERAL_NULL_CONVERSION = YES;
				CLANG_WARN_OBJC_IMPLICIT_RETAIN_SELF = YES;
				CLANG_WARN_OBJC_LITERAL_CONVERSION = YES;
				CLANG_WARN_OBJC_ROOT_CLASS = YES_ERROR;
				CLANG_WARN_RANGE_LOOP_ANALYSIS = YES;
				CLANG_WARN_STRICT_PROTOTYPES = YES;
				CLANG_WARN_SUSPICIOUS_MOVE = YES;
				CLANG_WARN_UNGUARDED_AVAILABILITY = YES_AGGRESSIVE;
				CLANG_WARN_UNREACHABLE_CODE = YES;
				CLANG_WARN__DUPLICATE_METHOD_MATCH = YES;
				COPY_PHASE_STRIP = NO;
				DEBUG_INFORMATION_FORMAT = "dwarf-with-dsym";
				ENABLE_NS_ASSERTIONS = NO;
				ENABLE_STRICT_OBJC_MSGSEND = YES;
				GCC_C_LANGUAGE_STANDARD = gnu11;
				GCC_NO_COMMON_BLOCKS = YES;
				GCC_WARN_64_TO_32_BIT_CONVERSION = YES;
				GCC_WARN_ABOUT_RETURN_TYPE = YES_ERROR;
				GCC_WARN_UNDECLARED_SELECTOR = YES;
				GCC_WARN_UNINITIALIZED_AUTOS = YES_AGGRESSIVE;
				GCC_WARN_UNUSED_FUNCTION = YES;
				GCC_WARN_UNUSED_VARIABLE = YES;
				IPHONEOS_DEPLOYMENT_TARGET = 13.2;
				MTL_ENABLE_DEBUG_INFO = NO;
				MTL_FAST_MATH = YES;
				SDKROOT = iphoneos;
				SWIFT_COMPILATION_MODE = wholemodule;
				SWIFT_OPTIMIZATION_LEVEL = "-O";
				VALIDATE_PRODUCT = YES;
			};
			name = Release;
		};
		C6A746A423E085F9008392EF /* Debug */ = {
			isa = XCBuildConfiguration;
			buildSettings = {
				ASSETCATALOG_COMPILER_APPICON_NAME = AppIcon;
				CODE_SIGN_STYLE = Automatic;
				DEVELOPMENT_TEAM = JRUP55ZMLQ;
				INFOPLIST_FILE = ProgrammaticUI/Info.plist;
				LD_RUNPATH_SEARCH_PATHS = (
					"$(inherited)",
					"@executable_path/Frameworks",
				);
				PRODUCT_BUNDLE_IDENTIFIER = com.casandragrullon.ProgrammaticUI;
				PRODUCT_NAME = "$(TARGET_NAME)";
				SWIFT_VERSION = 5.0;
				TARGETED_DEVICE_FAMILY = "1,2";
			};
			name = Debug;
		};
		C6A746A523E085F9008392EF /* Release */ = {
			isa = XCBuildConfiguration;
			buildSettings = {
				ASSETCATALOG_COMPILER_APPICON_NAME = AppIcon;
				CODE_SIGN_STYLE = Automatic;
				DEVELOPMENT_TEAM = JRUP55ZMLQ;
				INFOPLIST_FILE = ProgrammaticUI/Info.plist;
				LD_RUNPATH_SEARCH_PATHS = (
					"$(inherited)",
					"@executable_path/Frameworks",
				);
				PRODUCT_BUNDLE_IDENTIFIER = com.casandragrullon.ProgrammaticUI;
				PRODUCT_NAME = "$(TARGET_NAME)";
				SWIFT_VERSION = 5.0;
				TARGETED_DEVICE_FAMILY = "1,2";
			};
			name = Release;
		};
/* End XCBuildConfiguration section */

/* Begin XCConfigurationList section */
		C6A7468A23E085F7008392EF /* Build configuration list for PBXProject "ProgrammaticUI" */ = {
			isa = XCConfigurationList;
			buildConfigurations = (
				C6A746A123E085F9008392EF /* Debug */,
				C6A746A223E085F9008392EF /* Release */,
			);
			defaultConfigurationIsVisible = 0;
			defaultConfigurationName = Release;
		};
		C6A746A323E085F9008392EF /* Build configuration list for PBXNativeTarget "ProgrammaticUI" */ = {
			isa = XCConfigurationList;
			buildConfigurations = (
				C6A746A423E085F9008392EF /* Debug */,
				C6A746A523E085F9008392EF /* Release */,
			);
			defaultConfigurationIsVisible = 0;
			defaultConfigurationName = Release;
		};
/* End XCConfigurationList section */
	};
	rootObject = C6A7468723E085F7008392EF /* Project object */;
}
